
Microsoft Visual Studio Solution File, Format Version 12.00
# Visual Studio Version 17
VisualStudioVersion = 17.13.35931.197 d17.13
MinimumVisualStudioVersion = 10.0.40219.1
Project("{FAE04EC0-301F-11D3-BF4B-00C04F79EFBC}") = "ClassLibraryProject", "ClassLibraryProject.csproj", "{EDFDFE1E-7F47-4C9F-BBEB-EF661418F156}"
EndProject
Project("{FAE04EC0-301F-11D3-BF4B-00C04F79EFBC}") = "TestProjectLibrary", "..\TestProjectLibrary\TestProjectLibrary.csproj", "{0B03AAF7-A61B-4956-BCFB-ED65744BC98C}"
EndProject
Global
	GlobalSection(SolutionConfigurationPlatforms) = preSolution
		Debug|Any CPU = Debug|Any CPU
		Release|Any CPU = Release|Any CPU
	EndGlobalSection
	GlobalSection(ProjectConfigurationPlatforms) = postSolution
		{EDFDFE1E-7F47-4C9F-BBEB-EF661418F156}.Debug|Any CPU.ActiveCfg = Debug|Any CPU
		{EDFDFE1E-7F47-4C9F-BBEB-EF661418F156}.Debug|Any CPU.Build.0 = Debug|Any CPU
		{EDFDFE1E-7F47-4C9F-BBEB-EF661418F156}.Release|Any CPU.ActiveCfg = Release|Any CPU
		{EDFDFE1E-7F47-4C9F-BBEB-EF661418F156}.Release|Any CPU.Build.0 = Release|Any CPU
		{0B03AAF7-A61B-4956-BCFB-ED65744BC98C}.Debug|Any CPU.ActiveCfg = Debug|Any CPU
		{0B03AAF7-A61B-4956-BCFB-ED65744BC98C}.Debug|Any CPU.Build.0 = Debug|Any CPU
		{0B03AAF7-A61B-4956-BCFB-ED65744BC98C}.Release|Any CPU.ActiveCfg = Release|Any CPU
		{0B03AAF7-A61B-4956-BCFB-ED65744BC98C}.Release|Any CPU.Build.0 = Release|Any CPU
	EndGlobalSection
	GlobalSection(SolutionProperties) = preSolution
		HideSolutionNode = FALSE
	EndGlobalSection
	GlobalSection(ExtensibilityGlobals) = postSolution
		SolutionGuid = {E5B6FB93-2CFD-4C7A-945B-47B94D80F0FB}
	EndGlobalSection
EndGlobal
